<?xml version="1.0" encoding="utf-8"?>
<Project ToolsVersion="4.0" xmlns="http://schemas.microsoft.com/developer/msbuild/2003">
  <ItemGroup>
    <Filter Include="Source Files">
      <UniqueIdentifier>{4FC737F1-C7A5-4376-A066-2A32D752A2FF}</UniqueIdentifier>
      <Extensions>cpp;c;cc;cxx;c++;cppm;ixx;def;odl;idl;hpj;bat;asm;asmx</Extensions>
    </Filter>
    <Filter Include="Header Files">
      <UniqueIdentifier>{93995380-89BD-4b04-88EB-625FBE52EBFB}</UniqueIdentifier>
      <Extensions>h;hh;hpp;hxx;h++;hm;inl;inc;ipp;xsd</Extensions>
    </Filter>
    <Filter Include="Resource Files">
      <UniqueIdentifier>{67DA6AB6-F800-4c08-8B7A-83BB121AAD01}</UniqueIdentifier>
      <Extensions>rc;ico;cur;bmp;dlg;rc2;rct;bin;rgs;gif;jpg;jpeg;jpe;resx;tiff;tif;png;wav;mfcribbon-ms</Extensions>
    </Filter>
  </ItemGroup>
  <ItemGroup>
    <ClCompile Include="src\main.cpp">
      <Filter>Source Files</Filter>
    </ClCompile>
    <ClCompile Include="src\application.cpp">
      <Filter>Source Files</Filter>
    </ClCompile>
    <ClCompile Include="src\renderer\simple_raytracer.cpp">
      <Filter>Source Files</Filter>
    </ClCompile>
    <ClCompile Include="include\vulkan_helpler\vkutils.cpp">
      <Filter>Source Files</Filter>
    </ClCompile>
    <ClCompile Include="extern\imgui\backends\imgui_impl_glfw.cpp">
      <Filter>Source Files</Filter>
    </ClCompile>
    <ClCompile Include="extern\imgui\backends\imgui_impl_vulkan.cpp">
      <Filter>Source Files</Filter>
    </ClCompile>
    <ClCompile Include="extern\imgui\imgui.cpp">
      <Filter>Source Files</Filter>
    </ClCompile>
    <ClCompile Include="extern\imgui\imgui_demo.cpp">
      <Filter>Source Files</Filter>
    </ClCompile>
    <ClCompile Include="extern\imgui\imgui_draw.cpp">
      <Filter>Source Files</Filter>
    </ClCompile>
    <ClCompile Include="extern\imgui\imgui_tables.cpp">
      <Filter>Source Files</Filter>
    </ClCompile>
    <ClCompile Include="extern\imgui\imgui_widgets.cpp">
      <Filter>Source Files</Filter>
    </ClCompile>
    <ClCompile Include="src\editor\editor.cpp">
      <Filter>Source Files</Filter>
    </ClCompile>
    <ClCompile Include="src\scene\scene.cpp">
      <Filter>Source Files</Filter>
    </ClCompile>
    <ClCompile Include="src\scene\object\object.cpp">
      <Filter>Source Files</Filter>
    </ClCompile>
  </ItemGroup>
  <ItemGroup>
    <ClInclude Include="include\include.h">
      <Filter>Header Files</Filter>
    </ClInclude>
    <ClInclude Include="include\application.h">
      <Filter>Header Files</Filter>
    </ClInclude>
    <ClInclude Include="include\common\log.h">
      <Filter>Header Files</Filter>
    </ClInclude>
    <ClInclude Include="include\renderer\renderer.h">
      <Filter>Header Files</Filter>
    </ClInclude>
    <ClInclude Include="include\renderer\simple_raytracer.h">
      <Filter>Header Files</Filter>
    </ClInclude>
    <ClInclude Include="include\common\timer.h">
      <Filter>Header Files</Filter>
    </ClInclude>
    <ClInclude Include="include\vulkan_helpler\vkutils.hpp">
      <Filter>Header Files</Filter>
    </ClInclude>
    <ClInclude Include="include\scene\material\material.h">
      <Filter>Header Files</Filter>
    </ClInclude>
    <ClInclude Include="include\scene\material\texture.h">
      <Filter>Header Files</Filter>
    </ClInclude>
    <ClInclude Include="include\scene\scene.h">
      <Filter>Header Files</Filter>
    </ClInclude>
    <ClInclude Include="include\vulkan_helpler\vk_buffer.h">
      <Filter>Header Files</Filter>
    </ClInclude>
    <ClInclude Include="extern\imgui\backends\imgui_impl_glfw.h">
      <Filter>Header Files</Filter>
    </ClInclude>
    <ClInclude Include="extern\imgui\backends\imgui_impl_vulkan.h">
      <Filter>Header Files</Filter>
    </ClInclude>
    <ClInclude Include="extern\imgui\imgui.h">
      <Filter>Header Files</Filter>
    </ClInclude>
    <ClInclude Include="extern\imgui\imgui_internal.h">
      <Filter>Header Files</Filter>
    </ClInclude>
    <ClInclude Include="extern\imgui\imstb_rectpack.h">
      <Filter>Header Files</Filter>
    </ClInclude>
    <ClInclude Include="extern\imgui\imstb_textedit.h">
      <Filter>Header Files</Filter>
    </ClInclude>
    <ClInclude Include="extern\imgui\imstb_truetype.h">
      <Filter>Header Files</Filter>
    </ClInclude>
    <ClInclude Include="extern\imgui\imconfig.h">
      <Filter>Header Files</Filter>
    </ClInclude>
    <ClInclude Include="include\editor\editor.h">
      <Filter>Header Files</Filter>
    </ClInclude>
    <ClInclude Include="include\scene\object\instance.h">
      <Filter>Header Files</Filter>
    </ClInclude>
    <ClInclude Include="include\scene\object\volume.h">
      <Filter>Header Files</Filter>
    </ClInclude>
    <ClInclude Include="include\scene\object\light.h">
      <Filter>Header Files</Filter>
    </ClInclude>
    <ClInclude Include="include\scene\object\object.h">
      <Filter>Header Files</Filter>
    </ClInclude>
    <ClInclude Include="include\scene\animation\animation.h">
      <Filter>Header Files</Filter>
    </ClInclude>
    <ClInclude Include="include\scene\object\geometry.h">
      <Filter>Header Files</Filter>
    </ClInclude>
    <ClInclude Include="include\scene\object\sample_geometry.h">
      <Filter>Header Files</Filter>
    </ClInclude>
    <ClInclude Include="include\vulkan_helpler\vk_hepler.h">
      <Filter>Header Files</Filter>
    </ClInclude>
    <ClInclude Include="include\vulkan_helpler\vk_imgui.h">
      <Filter>Header Files</Filter>
    </ClInclude>
    <ClInclude Include="include\scene\camera\camera.h">
      <Filter>Header Files</Filter>
    </ClInclude>
    <ClInclude Include="include\scene\parameter\parameter.h">
      <Filter>Header Files</Filter>
    </ClInclude>
    <ClInclude Include="include\common\math.h">
      <Filter>Header Files</Filter>
    </ClInclude>
    <ClInclude Include="include\common\util.h">
      <Filter>Header Files</Filter>
    </ClInclude>
    <ClInclude Include="include\renderer\buffer_manager.h">
      <Filter>Header Files</Filter>
    </ClInclude>
    <ClInclude Include="include\scene\parameter\renderer_parameter.h">
      <Filter>Header Files</Filter>
    </ClInclude>
    <ClInclude Include="include\renderer\update_command.h">
      <Filter>Header Files</Filter>
    </ClInclude>
    <ClInclude Include="include\loader\obj_loader.h">
      <Filter>Header Files</Filter>
    </ClInclude>
  </ItemGroup>
  <ItemGroup>
    <None Include="shader\simple_raytracer\closesthit.glsl" />
    <None Include="shader\simple_raytracer\miss.glsl" />
    <None Include="shader\simple_raytracer\raygen.glsl" />
    <None Include="shader\simple_raytracer\payload.glsl" />
  </ItemGroup>
</Project>